// !$*UTF8*$!
{
	archiveVersion = 1;
	classes = {
	};
	objectVersion = 46;
	objects = {

/* Begin PBXBuildFile section */
		602D047F1E784582003A771E /* main.c in Sources */ = {isa = PBXBuildFile; fileRef = 602D047E1E784582003A771E /* main.c */; };
		602D04861E7845B6003A771E /* list.c in Sources */ = {isa = PBXBuildFile; fileRef = 602D04851E7845B6003A771E /* list.c */; };
		607C60801E7B427100619110 /* quicksort.c in Sources */ = {isa = PBXBuildFile; fileRef = 607C607E1E7B427100619110 /* quicksort.c */; };
		60C35180228E2E8400A60D7E /* bubblesort.c in Sources */ = {isa = PBXBuildFile; fileRef = 60C3517F228E2E8400A60D7E /* bubblesort.c */; };
		60C35183228E4C5000A60D7E /* mergesort.c in Sources */ = {isa = PBXBuildFile; fileRef = 60C35182228E4C5000A60D7E /* mergesort.c */; };
/* End PBXBuildFile section */

/* Begin PBXCopyFilesBuildPhase section */
		602D04791E784582003A771E /* CopyFiles */ = {
			isa = PBXCopyFilesBuildPhase;
			buildActionMask = 2147483647;
			dstPath = /usr/share/man/man1/;
			dstSubfolderSpec = 0;
			files = (
			);
			runOnlyForDeploymentPostprocessing = 1;
		};
/* End PBXCopyFilesBuildPhase section */

/* Begin PBXFileReference section */
		602D047B1E784582003A771E /* Structures */ = {isa = PBXFileReference; explicitFileType = "compiled.mach-o.executable"; includeInIndex = 0; path = Structures; sourceTree = BUILT_PRODUCTS_DIR; };
		602D047E1E784582003A771E /* main.c */ = {isa = PBXFileReference; lastKnownFileType = sourcecode.c.c; path = main.c; sourceTree = "<group>"; };
		602D04851E7845B6003A771E /* list.c */ = {isa = PBXFileReference; fileEncoding = 4; lastKnownFileType = sourcecode.c.c; path = list.c; sourceTree = "<group>"; };
		602D04871E784F33003A771E /* list.h */ = {isa = PBXFileReference; fileEncoding = 4; lastKnownFileType = sourcecode.c.h; path = list.h; sourceTree = "<group>"; };
		607C607E1E7B427100619110 /* quicksort.c */ = {isa = PBXFileReference; fileEncoding = 4; lastKnownFileType = sourcecode.c.c; path = quicksort.c; sourceTree = "<group>"; };
		607C607F1E7B427100619110 /* quicksort.h */ = {isa = PBXFileReference; fileEncoding = 4; lastKnownFileType = sourcecode.c.h; path = quicksort.h; sourceTree = "<group>"; };
		60C3517E228E2E8400A60D7E /* bubblesort.h */ = {isa = PBXFileReference; lastKnownFileType = sourcecode.c.h; path = bubblesort.h; sourceTree = "<group>"; };
		60C3517F228E2E8400A60D7E /* bubblesort.c */ = {isa = PBXFileReference; lastKnownFileType = sourcecode.c.c; path = bubblesort.c; sourceTree = "<group>"; };
		60C35181228E4C5000A60D7E /* mergesort.h */ = {isa = PBXFileReference; lastKnownFileType = sourcecode.c.h; path = mergesort.h; sourceTree = "<group>"; };
		60C35182228E4C5000A60D7E /* mergesort.c */ = {isa = PBXFileReference; lastKnownFileType = sourcecode.c.c; path = mergesort.c; sourceTree = "<group>"; };
/* End PBXFileReference section */

/* Begin PBXFrameworksBuildPhase section */
		602D04781E784582003A771E /* Frameworks */ = {
			isa = PBXFrameworksBuildPhase;
			buildActionMask = 2147483647;
			files = (
			);
			runOnlyForDeploymentPostprocessing = 0;
		};
/* End PBXFrameworksBuildPhase section */

/* Begin PBXGroup section */
		602D04721E784582003A771E = {
			isa = PBXGroup;
			children = (
				602D047D1E784582003A771E /* Structures */,
				602D047C1E784582003A771E /* Products */,
			);
			sourceTree = "<group>";
		};
		602D047C1E784582003A771E /* Products */ = {
			isa = PBXGroup;
			children = (
				602D047B1E784582003A771E /* Structures */,
			);
			name = Products;
			sourceTree = "<group>";
		};
		602D047D1E784582003A771E /* Structures */ = {
			isa = PBXGroup;
			children = (
				602D047E1E784582003A771E /* main.c */,
				602D04871E784F33003A771E /* list.h */,
				602D04851E7845B6003A771E /* list.c */,
				607C607F1E7B427100619110 /* quicksort.h */,
				607C607E1E7B427100619110 /* quicksort.c */,
				60C3517E228E2E8400A60D7E /* bubblesort.h */,
				60C3517F228E2E8400A60D7E /* bubblesort.c */,
				60C35181228E4C5000A60D7E /* mergesort.h */,
				60C35182228E4C5000A60D7E /* mergesort.c */,
			);
			path = Structures;
			sourceTree = "<group>";
		};
/* End PBXGroup section */

/* Begin PBXNativeTarget section */
		602D047A1E784582003A771E /* Structures */ = {
			isa = PBXNativeTarget;
			buildConfigurationList = 602D04821E784582003A771E /* Build configuration list for PBXNativeTarget "Structures" */;
			buildPhases = (
				602D04771E784582003A771E /* Sources */,
				602D04781E784582003A771E /* Frameworks */,
				602D04791E784582003A771E /* CopyFiles */,
			);
			buildRules = (
			);
			dependencies = (
			);
			name = Structures;
			productName = Structures;
			productReference = 602D047B1E784582003A771E /* Structures */;
			productType = "com.apple.product-type.tool";
		};
/* End PBXNativeTarget section */

/* Begin PBXProject section */
		602D04731E784582003A771E /* Project object */ = {
			isa = PBXProject;
			attributes = {
				LastUpgradeCheck = 1020;
				ORGANIZATIONNAME = mateusnbm;
				TargetAttributes = {
					602D047A1E784582003A771E = {
						CreatedOnToolsVersion = 8.2;
						DevelopmentTeam = E45NCZ4KFV;
						ProvisioningStyle = Automatic;
					};
				};
			};
			buildConfigurationList = 602D04761E784582003A771E /* Build configuration list for PBXProject "Structures" */;
			compatibilityVersion = "Xcode 3.2";
			developmentRegion = en;
			hasScannedForEncodings = 0;
			knownRegions = (
				en,
				Base,
			);
			mainGroup = 602D04721E784582003A771E;
			productRefGroup = 602D047C1E784582003A771E /* Products */;
			projectDirPath = "";
			projectRoot = "";
			targets = (
				602D047A1E784582003A771E /* Structures */,
			);
		};
/* End PBXProject section */

/* Begin PBXSourcesBuildPhase section */
		602D04771E784582003A771E /* Sources */ = {
			isa = PBXSourcesBuildPhase;
			buildActionMask = 2147483647;
			files = (
				60C35183228E4C5000A60D7E /* mergesort.c in Sources */,
				602D047F1E784582003A771E /* main.c in Sources */,
				60C35180228E2E8400A60D7E /* bubblesort.c in Sources */,
				602D04861E7845B6003A771E /* list.c in Sources */,
				607C60801E7B427100619110 /* quicksort.c in Sources */,
			);
			runOnlyForDeploymentPostprocessing = 0;
		};
/* End PBXSourcesBuildPhase section */

/* Begin XCBuildConfiguration section */
		602D04801E784582003A771E /* Debug */ = {
			isa = XCBuildConfiguration;
			buildSettings = {
				ALWAYS_SEARCH_USER_PATHS = NO;
				CLANG_ANALYZER_LOCALIZABILITY_NONLOCALIZED = YES;
				CLANG_ANALYZER_NONNULL = YES;
				CLANG_CXX_LANGUAGE_STANDARD = "gnu++0x";
				CLANG_CXX_LIBRARY = "libc++";
				CLANG_ENABLE_MODULES = YES;
				CLANG_ENABLE_OBJC_ARC = YES;
				CLANG_WARN_BLOCK_CAPTURE_AUTORELEASING = YES;
				CLANG_WARN_BOOL_CONVERSION = YES;
				CLANG_WARN_COMMA = YES;
				CLANG_WARN_CONSTANT_CONVERSION = YES;
				CLANG_WARN_DEPRECATED_OBJC_IMPLEMENTATIONS = YES;
				CLANG_WARN_DIRECT_OBJC_ISA_USAGE = YES_ERROR;
				CLANG_WARN_DOCUMENTATION_COMMENTS = YES;
				CLANG_WARN_EMPTY_BODY = YES;
				CLANG_WARN_ENUM_CONVERSION = YES;
				CLANG_WARN_INFINITE_RECURSION = YES;
				CLANG_WARN_INT_CONVERSION = YES;
				CLANG_WARN_NON_LITERAL_NULL_CONVERSION = YES;
				CLANG_WARN_OBJC_IMPLICIT_RETAIN_SELF = YES;
				CLANG_WARN_OBJC_LITERAL_CONVERSION = YES;
				CLANG_WARN_OBJC_ROOT_CLASS = YES_ERROR;
				CLANG_WARN_RANGE_LOOP_ANALYSIS = YES;
				CLANG_WARN_STRICT_PROTOTYPES = YES;
				CLANG_WARN_SUSPICIOUS_MOVE = YES;
				CLANG_WARN_UNREACHABLE_CODE = YES;
				CLANG_WARN__DUPLICATE_METHOD_MATCH = YES;
				CODE_SIGN_IDENTITY = "-";
				COPY_PHASE_STRIP = NO;
				DEBUG_INFORMATION_FORMAT = dwarf;
				ENABLE_STRICT_OBJC_MSGSEND = YES;
				ENABLE_TESTABILITY = YES;
				GCC_C_LANGUAGE_STANDARD = gnu99;
				GCC_DYNAMIC_NO_PIC = NO;
				GCC_NO_COMMON_BLOCKS = YES;
				GCC_OPTIMIZATION_LEVEL = 0;
				GCC_PREPROCESSOR_DEFINITIONS = (
					"DEBUG=1",
					"$(inherited)",
				);
				GCC_WARN_64_TO_32_BIT_CONVERSION = YES;
				GCC_WARN_ABOUT_RETURN_TYPE = YES_ERROR;
				GCC_WARN_UNDECLARED_SELECTOR = YES;
				GCC_WARN_UNINITIALIZED_AUTOS = YES_AGGRESSIVE;
				GCC_WARN_UNUSED_FUNCTION = YES;
				GCC_WARN_UNUSED_VARIABLE = YES;
				MACOSX_DEPLOYMENT_TARGET = 10.12;
				MTL_ENABLE_DEBUG_INFO = YES;
				ONLY_ACTIVE_ARCH = YES;
				SDKROOT = macosx;
			};
			name = Debug;
		};
		602D04811E784582003A771E /* Release */ = {
			isa = XCBuildConfiguration;
			buildSettings = {
				ALWAYS_SEARCH_USER_PATHS = NO;
				CLANG_ANALYZER_LOCALIZABILITY_NONLOCALIZED = YES;
				CLANG_ANALYZER_NONNULL = YES;
				CLANG_CXX_LANGUAGE_STANDARD = "gnu++0x";
				CLANG_CXX_LIBRARY = "libc++";
				CLANG_ENABLE_MODULES = YES;
				CLANG_ENABLE_OBJC_ARC = YES;
				CLANG_WARN_BLOCK_CAPTURE_AUTORELEASING = YES;
				CLANG_WARN_BOOL_CONVERSION = YES;
				CLANG_WARN_COMMA = YES;
				CLANG_WARN_CONSTANT_CONVERSION = YES;
				CLANG_WARN_DEPRECATED_OBJC_IMPLEMENTATIONS = YES;
				CLANG_WARN_DIRECT_OBJC_ISA_USAGE = YES_ERROR;
				CLANG_WARN_DOCUMENTATION_COMMENTS = YES;
				CLANG_WARN_EMPTY_BODY = YES;
				CLANG_WARN_ENUM_CONVERSION = YES;
				CLANG_WARN_INFINITE_RECURSION = YES;
				CLANG_WARN_INT_CONVERSION = YES;
				CLANG_WARN_NON_LITERAL_NULL_CONVERSION = YES;
				CLANG_WARN_OBJC_IMPLICIT_RETAIN_SELF = YES;
				CLANG_WARN_OBJC_LITERAL_CONVERSION = YES;
				CLANG_WARN_OBJC_ROOT_CLASS = YES_ERROR;
				CLANG_WARN_RANGE_LOOP_ANALYSIS = YES;
				CLANG_WARN_STRICT_PROTOTYPES = YES;
				CLANG_WARN_SUSPICIOUS_MOVE = YES;
				CLANG_WARN_UNREACHABLE_CODE = YES;
				CLANG_WARN__DUPLICATE_METHOD_MATCH = YES;
				CODE_SIGN_IDENTITY = "-";
				COPY_PHASE_STRIP = NO;
				DEBUG_INFORMATION_FORMAT = "dwarf-with-dsym";
				ENABLE_NS_ASSERTIONS = NO;
				ENABLE_STRICT_OBJC_MSGSEND = YES;
				GCC_C_LANGUAGE_STANDARD = gnu99;
				GCC_NO_COMMON_BLOCKS = YES;
				GCC_WARN_64_TO_32_BIT_CONVERSION = YES;
				GCC_WARN_ABOUT_RETURN_TYPE = YES_ERROR;
				GCC_WARN_UNDECLARED_SELECTOR = YES;
				GCC_WARN_UNINITIALIZED_AUTOS = YES_AGGRESSIVE;
				GCC_WARN_UNUSED_FUNCTION = YES;
				GCC_WARN_UNUSED_VARIABLE = YES;
				MACOSX_DEPLOYMENT_TARGET = 10.12;
				MTL_ENABLE_DEBUG_INFO = NO;
				SDKROOT = macosx;
			};
			name = Release;
		};
		602D04831E784582003A771E /* Debug */ = {
			isa = XCBuildConfiguration;
			buildSettings = {
				DEVELOPMENT_TEAM = E45NCZ4KFV;
				PRODUCT_NAME = "$(TARGET_NAME)";
			};
			name = Debug;
		};
		602D04841E784582003A771E /* Release */ = {
			isa = XCBuildConfiguration;
			buildSettings = {
				DEVELOPMENT_TEAM = E45NCZ4KFV;
				PRODUCT_NAME = "$(TARGET_NAME)";
			};
			name = Release;
		};
/* End XCBuildConfiguration section */

/* Begin XCConfigurationList section */
		602D04761E784582003A771E /* Build configuration list for PBXProject "Structures" */ = {
			isa = XCConfigurationList;
			buildConfigurations = (
				602D04801E784582003A771E /* Debug */,
				602D04811E784582003A771E /* Release */,
			);
			defaultConfigurationIsVisible = 0;
			defaultConfigurationName = Release;
		};
		602D04821E784582003A771E /* Build configuration list for PBXNativeTarget "Structures" */ = {
			isa = XCConfigurationList;
			buildConfigurations = (
				602D04831E784582003A771E /* Debug */,
				602D04841E784582003A771E /* Release */,
			);
			defaultConfigurationIsVisible = 0;
			defaultConfigurationName = Release;
		};
/* End XCConfigurationList section */
	};
	rootObject = 602D04731E784582003A771E /* Project object */;
}
